
Microsoft Visual Studio Solution File, Format Version 12.00
# Visual Studio Version 17
VisualStudioVersion = 17.5.002.0
MinimumVisualStudioVersion = 10.0.40219.1
Project("{2150E333-8FDC-42A3-9474-1A3956D46DE8}") = "sandbox", "sandbox", "{819DB290-70C0-4C5E-BDCE-7ECE9F632597}"
EndProject
Project("{9A19103F-16F7-4668-BE54-9A1E7A4F7556}") = "sandbox_project", "sandbox\sandbox_project\sandbox_project.csproj", "{982AFD2E-7A6A-4B87-A735-1CF2B294D36F}"
EndProject
Project("{2150E333-8FDC-42A3-9474-1A3956D46DE8}") = "week01", "week01", "{179737AE-474E-49EA-AA9F-E2A7ACF9E86D}"
EndProject
Project("{9A19103F-16F7-4668-BE54-9A1E7A4F7556}") = "analyze", "week01\analyze\analyze.csproj", "{7014E724-9213-454E-852F-627F23683064}"
EndProject
Project("{9A19103F-16F7-4668-BE54-9A1E7A4F7556}") = "code", "week01\code\code.csproj", "{B85E427E-A790-4665-872B-7D63E7AAD883}"
EndProject
Project("{9A19103F-16F7-4668-BE54-9A1E7A4F7556}") = "teach", "week01\teach\teach.csproj", "{9DB3FBC9-335E-471A-8968-42F4632387E7}"
EndProject
Project("{2150E333-8FDC-42A3-9474-1A3956D46DE8}") = "week02", "week02", "{68290CE2-3D01-4A17-8108-7E61CC86E154}"
EndProject
Project("{9A19103F-16F7-4668-BE54-9A1E7A4F7556}") = "analyze", "week02\analyze\analyze.csproj", "{5BD069AF-E2D3-4692-9AB0-9973661240F9}"
EndProject
Project("{9A19103F-16F7-4668-BE54-9A1E7A4F7556}") = "code", "week02\code\code.csproj", "{40D544B5-2708-4FB5-BB40-AEAAF7ACB279}"
EndProject
Project("{9A19103F-16F7-4668-BE54-9A1E7A4F7556}") = "learn", "week02\learn\learn.csproj", "{9F3845AE-2007-4C37-9B09-ACA4DCBAAF17}"
EndProject
Project("{9A19103F-16F7-4668-BE54-9A1E7A4F7556}") = "teach", "week02\teach\teach.csproj", "{FD48634A-8EF4-44CE-AA48-C69863FE554C}"
EndProject
Project("{2150E333-8FDC-42A3-9474-1A3956D46DE8}") = "week03", "week03", "{831C15A1-3B39-4DF8-9182-8D906607A3B2}"
EndProject
Project("{9A19103F-16F7-4668-BE54-9A1E7A4F7556}") = "code", "week03\code\code.csproj", "{B6F4BBBC-3E0E-449D-8F4E-18D7941CCCBD}"
EndProject
Project("{9A19103F-16F7-4668-BE54-9A1E7A4F7556}") = "learn", "week03\learn\learn.csproj", "{EE7CB8EF-3B8E-4CD9-B073-54D55619EF85}"
EndProject
Project("{9A19103F-16F7-4668-BE54-9A1E7A4F7556}") = "teach", "week03\teach\teach.csproj", "{45E1DD39-2606-455C-891D-3BD58A415685}"
EndProject
Project("{2150E333-8FDC-42A3-9474-1A3956D46DE8}") = "week04", "week04", "{B28771A4-0541-48FE-B2EF-6DDA25795235}"
EndProject
Project("{9A19103F-16F7-4668-BE54-9A1E7A4F7556}") = "code", "week04\code\code.csproj", "{B10C6E95-8CD0-4673-B3DC-5FC0BCA3426A}"
EndProject
Project("{2150E333-8FDC-42A3-9474-1A3956D46DE8}") = "week05", "week05", "{F48DDBD0-3702-48F7-9111-814FC8A4F0A8}"
EndProject
Project("{9A19103F-16F7-4668-BE54-9A1E7A4F7556}") = "code", "week05\code\code.csproj", "{5E4856EF-7402-4CAC-915A-ACABF98CC626}"
EndProject
Project("{2150E333-8FDC-42A3-9474-1A3956D46DE8}") = "week06", "week06", "{FD724AA7-1FA7-4534-BF00-4F6AE3F688F3}"
EndProject
Project("{9A19103F-16F7-4668-BE54-9A1E7A4F7556}") = "code", "week06\code\code.csproj", "{88D4B3CE-9C02-43B5-9C54-9721D3CD273B}"
EndProject
Global
	GlobalSection(SolutionConfigurationPlatforms) = preSolution
		Debug|Any CPU = Debug|Any CPU
		Release|Any CPU = Release|Any CPU
	EndGlobalSection
	GlobalSection(ProjectConfigurationPlatforms) = postSolution
		{982AFD2E-7A6A-4B87-A735-1CF2B294D36F}.Debug|Any CPU.ActiveCfg = Debug|Any CPU
		{982AFD2E-7A6A-4B87-A735-1CF2B294D36F}.Debug|Any CPU.Build.0 = Debug|Any CPU
		{982AFD2E-7A6A-4B87-A735-1CF2B294D36F}.Release|Any CPU.ActiveCfg = Release|Any CPU
		{982AFD2E-7A6A-4B87-A735-1CF2B294D36F}.Release|Any CPU.Build.0 = Release|Any CPU
		{7014E724-9213-454E-852F-627F23683064}.Debug|Any CPU.ActiveCfg = Debug|Any CPU
		{7014E724-9213-454E-852F-627F23683064}.Debug|Any CPU.Build.0 = Debug|Any CPU
		{7014E724-9213-454E-852F-627F23683064}.Release|Any CPU.ActiveCfg = Release|Any CPU
		{7014E724-9213-454E-852F-627F23683064}.Release|Any CPU.Build.0 = Release|Any CPU
		{B85E427E-A790-4665-872B-7D63E7AAD883}.Debug|Any CPU.ActiveCfg = Debug|Any CPU
		{B85E427E-A790-4665-872B-7D63E7AAD883}.Debug|Any CPU.Build.0 = Debug|Any CPU
		{B85E427E-A790-4665-872B-7D63E7AAD883}.Release|Any CPU.ActiveCfg = Release|Any CPU
		{B85E427E-A790-4665-872B-7D63E7AAD883}.Release|Any CPU.Build.0 = Release|Any CPU
		{9DB3FBC9-335E-471A-8968-42F4632387E7}.Debug|Any CPU.ActiveCfg = Debug|Any CPU
		{9DB3FBC9-335E-471A-8968-42F4632387E7}.Debug|Any CPU.Build.0 = Debug|Any CPU
		{9DB3FBC9-335E-471A-8968-42F4632387E7}.Release|Any CPU.ActiveCfg = Release|Any CPU
		{9DB3FBC9-335E-471A-8968-42F4632387E7}.Release|Any CPU.Build.0 = Release|Any CPU
		{5BD069AF-E2D3-4692-9AB0-9973661240F9}.Debug|Any CPU.ActiveCfg = Debug|Any CPU
		{5BD069AF-E2D3-4692-9AB0-9973661240F9}.Debug|Any CPU.Build.0 = Debug|Any CPU
		{5BD069AF-E2D3-4692-9AB0-9973661240F9}.Release|Any CPU.ActiveCfg = Release|Any CPU
		{5BD069AF-E2D3-4692-9AB0-9973661240F9}.Release|Any CPU.Build.0 = Release|Any CPU
		{40D544B5-2708-4FB5-BB40-AEAAF7ACB279}.Debug|Any CPU.ActiveCfg = Debug|Any CPU
		{40D544B5-2708-4FB5-BB40-AEAAF7ACB279}.Debug|Any CPU.Build.0 = Debug|Any CPU
		{40D544B5-2708-4FB5-BB40-AEAAF7ACB279}.Release|Any CPU.ActiveCfg = Release|Any CPU
		{40D544B5-2708-4FB5-BB40-AEAAF7ACB279}.Release|Any CPU.Build.0 = Release|Any CPU
		{9F3845AE-2007-4C37-9B09-ACA4DCBAAF17}.Debug|Any CPU.ActiveCfg = Debug|Any CPU
		{9F3845AE-2007-4C37-9B09-ACA4DCBAAF17}.Debug|Any CPU.Build.0 = Debug|Any CPU
		{9F3845AE-2007-4C37-9B09-ACA4DCBAAF17}.Release|Any CPU.ActiveCfg = Release|Any CPU
		{9F3845AE-2007-4C37-9B09-ACA4DCBAAF17}.Release|Any CPU.Build.0 = Release|Any CPU
		{FD48634A-8EF4-44CE-AA48-C69863FE554C}.Debug|Any CPU.ActiveCfg = Debug|Any CPU
		{FD48634A-8EF4-44CE-AA48-C69863FE554C}.Debug|Any CPU.Build.0 = Debug|Any CPU
		{FD48634A-8EF4-44CE-AA48-C69863FE554C}.Release|Any CPU.ActiveCfg = Release|Any CPU
		{FD48634A-8EF4-44CE-AA48-C69863FE554C}.Release|Any CPU.Build.0 = Release|Any CPU
		{B6F4BBBC-3E0E-449D-8F4E-18D7941CCCBD}.Debug|Any CPU.ActiveCfg = Debug|Any CPU
		{B6F4BBBC-3E0E-449D-8F4E-18D7941CCCBD}.Debug|Any CPU.Build.0 = Debug|Any CPU
		{B6F4BBBC-3E0E-449D-8F4E-18D7941CCCBD}.Release|Any CPU.ActiveCfg = Release|Any CPU
		{B6F4BBBC-3E0E-449D-8F4E-18D7941CCCBD}.Release|Any CPU.Build.0 = Release|Any CPU
		{EE7CB8EF-3B8E-4CD9-B073-54D55619EF85}.Debug|Any CPU.ActiveCfg = Debug|Any CPU
		{EE7CB8EF-3B8E-4CD9-B073-54D55619EF85}.Debug|Any CPU.Build.0 = Debug|Any CPU
		{EE7CB8EF-3B8E-4CD9-B073-54D55619EF85}.Release|Any CPU.ActiveCfg = Release|Any CPU
		{EE7CB8EF-3B8E-4CD9-B073-54D55619EF85}.Release|Any CPU.Build.0 = Release|Any CPU
		{45E1DD39-2606-455C-891D-3BD58A415685}.Debug|Any CPU.ActiveCfg = Debug|Any CPU
		{45E1DD39-2606-455C-891D-3BD58A415685}.Debug|Any CPU.Build.0 = Debug|Any CPU
		{45E1DD39-2606-455C-891D-3BD58A415685}.Release|Any CPU.ActiveCfg = Release|Any CPU
		{45E1DD39-2606-455C-891D-3BD58A415685}.Release|Any CPU.Build.0 = Release|Any CPU
		{B10C6E95-8CD0-4673-B3DC-5FC0BCA3426A}.Debug|Any CPU.ActiveCfg = Debug|Any CPU
		{B10C6E95-8CD0-4673-B3DC-5FC0BCA3426A}.Debug|Any CPU.Build.0 = Debug|Any CPU
		{B10C6E95-8CD0-4673-B3DC-5FC0BCA3426A}.Release|Any CPU.ActiveCfg = Release|Any CPU
		{B10C6E95-8CD0-4673-B3DC-5FC0BCA3426A}.Release|Any CPU.Build.0 = Release|Any CPU
		{5E4856EF-7402-4CAC-915A-ACABF98CC626}.Debug|Any CPU.ActiveCfg = Debug|Any CPU
		{5E4856EF-7402-4CAC-915A-ACABF98CC626}.Debug|Any CPU.Build.0 = Debug|Any CPU
		{5E4856EF-7402-4CAC-915A-ACABF98CC626}.Release|Any CPU.ActiveCfg = Release|Any CPU
		{5E4856EF-7402-4CAC-915A-ACABF98CC626}.Release|Any CPU.Build.0 = Release|Any CPU
		{88D4B3CE-9C02-43B5-9C54-9721D3CD273B}.Debug|Any CPU.ActiveCfg = Debug|Any CPU
		{88D4B3CE-9C02-43B5-9C54-9721D3CD273B}.Debug|Any CPU.Build.0 = Debug|Any CPU
		{88D4B3CE-9C02-43B5-9C54-9721D3CD273B}.Release|Any CPU.ActiveCfg = Release|Any CPU
		{88D4B3CE-9C02-43B5-9C54-9721D3CD273B}.Release|Any CPU.Build.0 = Release|Any CPU
	EndGlobalSection
	GlobalSection(SolutionProperties) = preSolution
		HideSolutionNode = FALSE
	EndGlobalSection
	GlobalSection(NestedProjects) = preSolution
		{982AFD2E-7A6A-4B87-A735-1CF2B294D36F} = {819DB290-70C0-4C5E-BDCE-7ECE9F632597}
		{7014E724-9213-454E-852F-627F23683064} = {179737AE-474E-49EA-AA9F-E2A7ACF9E86D}
		{B85E427E-A790-4665-872B-7D63E7AAD883} = {179737AE-474E-49EA-AA9F-E2A7ACF9E86D}
		{9DB3FBC9-335E-471A-8968-42F4632387E7} = {179737AE-474E-49EA-AA9F-E2A7ACF9E86D}
		{5BD069AF-E2D3-4692-9AB0-9973661240F9} = {68290CE2-3D01-4A17-8108-7E61CC86E154}
		{40D544B5-2708-4FB5-BB40-AEAAF7ACB279} = {68290CE2-3D01-4A17-8108-7E61CC86E154}
		{9F3845AE-2007-4C37-9B09-ACA4DCBAAF17} = {68290CE2-3D01-4A17-8108-7E61CC86E154}
		{FD48634A-8EF4-44CE-AA48-C69863FE554C} = {68290CE2-3D01-4A17-8108-7E61CC86E154}
		{B6F4BBBC-3E0E-449D-8F4E-18D7941CCCBD} = {831C15A1-3B39-4DF8-9182-8D906607A3B2}
		{EE7CB8EF-3B8E-4CD9-B073-54D55619EF85} = {831C15A1-3B39-4DF8-9182-8D906607A3B2}
		{45E1DD39-2606-455C-891D-3BD58A415685} = {831C15A1-3B39-4DF8-9182-8D906607A3B2}
		{B10C6E95-8CD0-4673-B3DC-5FC0BCA3426A} = {B28771A4-0541-48FE-B2EF-6DDA25795235}
		{5E4856EF-7402-4CAC-915A-ACABF98CC626} = {F48DDBD0-3702-48F7-9111-814FC8A4F0A8}
		{88D4B3CE-9C02-43B5-9C54-9721D3CD273B} = {FD724AA7-1FA7-4534-BF00-4F6AE3F688F3}
	EndGlobalSection
	GlobalSection(ExtensibilityGlobals) = postSolution
		SolutionGuid = {6EB415DC-3526-4675-8AE7-BAE5419D29D7}
	EndGlobalSection
EndGlobal
